
Microsoft Visual Studio Solution File, Format Version 12.00
# Visual Studio Version 17
VisualStudioVersion = 17.4.33122.133
MinimumVisualStudioVersion = 10.0.40219.1
Project("{2150E333-8FDC-42A3-9474-1A3956D46DE8}") = "Libraries", "Libraries", "{4E09AB0F-649E-48A4-B5EC-0488BE665D52}"
EndProject
Project("{9A19103F-16F7-4668-BE54-9A1E7A4F7556}") = "Entities", "Entities\Entities.csproj", "{BCAD07CD-635B-45E9-9E71-212F64903027}"
EndProject
Project("{2150E333-8FDC-42A3-9474-1A3956D46DE8}") = "Web", "Web", "{0E6C661C-F6B5-48B1-911C-9D76E60AC8A5}"
EndProject
Project("{2150E333-8FDC-42A3-9474-1A3956D46DE8}") = "Client", "Client", "{F3EF8DFD-F67E-4609-9FB9-CD7E159125F8}"
EndProject
Project("{2150E333-8FDC-42A3-9474-1A3956D46DE8}") = "Desktop", "Desktop", "{38B7E6B8-2023-47E7-9648-735D8D5D2A11}"
EndProject
Project("{2150E333-8FDC-42A3-9474-1A3956D46DE8}") = "Communication", "Communication", "{36B232A0-8728-4E42-AEDB-6EBB51B22459}"
EndProject
Project("{9A19103F-16F7-4668-BE54-9A1E7A4F7556}") = "Communication", "Communication\Communication.csproj", "{96323D27-2606-4917-A5D1-4012270EE63F}"
EndProject
Project("{9A19103F-16F7-4668-BE54-9A1E7A4F7556}") = "Communication.Configurator", "Communication.Configurator\Communication.Configurator.csproj", "{AB4E26AB-DBDC-42A7-85C6-E7AD881C79C4}"
EndProject
Project("{9A19103F-16F7-4668-BE54-9A1E7A4F7556}") = "Communication.Server", "Communication.Server\Communication.Server.csproj", "{92D4B3F8-3CFA-4F75-AC48-BDF85F1BCAA7}"
EndProject
Project("{9A19103F-16F7-4668-BE54-9A1E7A4F7556}") = "Communication.Client", "Communication.Client\Communication.Client.csproj", "{4B5F000E-1697-4DF3-837C-23266CD3F2A1}"
EndProject
Project("{9A19103F-16F7-4668-BE54-9A1E7A4F7556}") = "Database", "Database\Database.csproj", "{E1C4DE80-81F3-4394-891B-A5CA73FBC786}"
EndProject
Project("{9A19103F-16F7-4668-BE54-9A1E7A4F7556}") = "Entities.Mapper", "Entities.Mapper\Entities.Mapper.csproj", "{FE73FB58-7BB0-444B-AAF5-92A7A0A24D39}"
EndProject
Project("{9A19103F-16F7-4668-BE54-9A1E7A4F7556}") = "SmartWeight.Panel.Server", "SmartWeight.Panel\Server\SmartWeight.Panel.Server.csproj", "{A10DC20F-815A-4193-A1C3-BCE3A69D64BD}"
EndProject
Project("{9A19103F-16F7-4668-BE54-9A1E7A4F7556}") = "SmartWeight.Panel.Client", "SmartWeight.Panel\Client\SmartWeight.Panel.Client.csproj", "{C224EBF9-7E60-4549-9A36-FCEEE671C1A1}"
EndProject
Project("{2150E333-8FDC-42A3-9474-1A3956D46DE8}") = "Solution Items", "Solution Items", "{8CC65403-50B3-489B-9479-808F1B0E89D9}"
	ProjectSection(SolutionItems) = preProject
		.editorconfig = .editorconfig
	EndProjectSection
EndProject
Project("{9A19103F-16F7-4668-BE54-9A1E7A4F7556}") = "SmartWeight.Updater.API", "SmartWeight.Updater.API\SmartWeight.Updater.API.csproj", "{AD2E01AD-FC18-4AD0-B580-0077D95D148B}"
EndProject
Project("{9A19103F-16F7-4668-BE54-9A1E7A4F7556}") = "SmartWeight.MemoryBase", "SmartWeight.MemoryBase\SmartWeight.MemoryBase.csproj", "{4E04F568-6B5F-478F-9D3C-06CBBDE59E1D}"
EndProject
Project("{9A19103F-16F7-4668-BE54-9A1E7A4F7556}") = "SmartWeight.RemoteStorage", "SmartWeight.RemoteStorage\SmartWeight.RemoteStorage.csproj", "{90093A9A-455E-48CF-8CBB-23E2A707DA62}"
EndProject
Project("{9A19103F-16F7-4668-BE54-9A1E7A4F7556}") = "Constants.Server", "Constants.Server\Constants.Server.csproj", "{EAB08092-79C4-42DC-AF47-A4E5E0E6CF8A}"
EndProject
Project("{9A19103F-16F7-4668-BE54-9A1E7A4F7556}") = "Constants.Client", "Constants.Client\Constants.Client.csproj", "{33043349-B817-4FEA-A420-89AD78A0324D}"
EndProject
Project("{9A19103F-16F7-4668-BE54-9A1E7A4F7556}") = "SmartWeight.Panel.Tests", "SmartWeight.Panel.Tests\SmartWeight.Panel.Tests.csproj", "{256DEC44-EEDB-4694-8F46-736AFA8C9757}"
EndProject
Project("{9A19103F-16F7-4668-BE54-9A1E7A4F7556}") = "SmartWeight.Observer", "SmartWeight.Observer\SmartWeight.Observer.csproj", "{6BFE1611-71E1-4BBB-A9B5-BE6F4A5E79E7}"
EndProject
Project("{FAE04EC0-301F-11D3-BF4B-00C04F79EFBC}") = "Communication.Hubs", "Communication.Hubs\Communication.Hubs.csproj", "{CA85EAE5-C80A-4E3B-B14A-45FCFD1B1DB4}"
EndProject
Global
	GlobalSection(SolutionConfigurationPlatforms) = preSolution
		Debug|Any CPU = Debug|Any CPU
		Release|Any CPU = Release|Any CPU
	EndGlobalSection
	GlobalSection(ProjectConfigurationPlatforms) = postSolution
		{BCAD07CD-635B-45E9-9E71-212F64903027}.Debug|Any CPU.ActiveCfg = Debug|Any CPU
		{BCAD07CD-635B-45E9-9E71-212F64903027}.Debug|Any CPU.Build.0 = Debug|Any CPU
		{BCAD07CD-635B-45E9-9E71-212F64903027}.Release|Any CPU.ActiveCfg = Release|Any CPU
		{BCAD07CD-635B-45E9-9E71-212F64903027}.Release|Any CPU.Build.0 = Release|Any CPU
		{96323D27-2606-4917-A5D1-4012270EE63F}.Debug|Any CPU.ActiveCfg = Debug|Any CPU
		{96323D27-2606-4917-A5D1-4012270EE63F}.Debug|Any CPU.Build.0 = Debug|Any CPU
		{96323D27-2606-4917-A5D1-4012270EE63F}.Release|Any CPU.ActiveCfg = Release|Any CPU
		{96323D27-2606-4917-A5D1-4012270EE63F}.Release|Any CPU.Build.0 = Release|Any CPU
		{AB4E26AB-DBDC-42A7-85C6-E7AD881C79C4}.Debug|Any CPU.ActiveCfg = Debug|Any CPU
		{AB4E26AB-DBDC-42A7-85C6-E7AD881C79C4}.Debug|Any CPU.Build.0 = Debug|Any CPU
		{AB4E26AB-DBDC-42A7-85C6-E7AD881C79C4}.Release|Any CPU.ActiveCfg = Release|Any CPU
		{AB4E26AB-DBDC-42A7-85C6-E7AD881C79C4}.Release|Any CPU.Build.0 = Release|Any CPU
		{92D4B3F8-3CFA-4F75-AC48-BDF85F1BCAA7}.Debug|Any CPU.ActiveCfg = Debug|Any CPU
		{92D4B3F8-3CFA-4F75-AC48-BDF85F1BCAA7}.Debug|Any CPU.Build.0 = Debug|Any CPU
		{92D4B3F8-3CFA-4F75-AC48-BDF85F1BCAA7}.Release|Any CPU.ActiveCfg = Release|Any CPU
		{92D4B3F8-3CFA-4F75-AC48-BDF85F1BCAA7}.Release|Any CPU.Build.0 = Release|Any CPU
		{4B5F000E-1697-4DF3-837C-23266CD3F2A1}.Debug|Any CPU.ActiveCfg = Debug|Any CPU
		{4B5F000E-1697-4DF3-837C-23266CD3F2A1}.Debug|Any CPU.Build.0 = Debug|Any CPU
		{4B5F000E-1697-4DF3-837C-23266CD3F2A1}.Release|Any CPU.ActiveCfg = Release|Any CPU
		{4B5F000E-1697-4DF3-837C-23266CD3F2A1}.Release|Any CPU.Build.0 = Release|Any CPU
		{E1C4DE80-81F3-4394-891B-A5CA73FBC786}.Debug|Any CPU.ActiveCfg = Debug|Any CPU
		{E1C4DE80-81F3-4394-891B-A5CA73FBC786}.Debug|Any CPU.Build.0 = Debug|Any CPU
		{E1C4DE80-81F3-4394-891B-A5CA73FBC786}.Release|Any CPU.ActiveCfg = Release|Any CPU
		{E1C4DE80-81F3-4394-891B-A5CA73FBC786}.Release|Any CPU.Build.0 = Release|Any CPU
		{FE73FB58-7BB0-444B-AAF5-92A7A0A24D39}.Debug|Any CPU.ActiveCfg = Debug|Any CPU
		{FE73FB58-7BB0-444B-AAF5-92A7A0A24D39}.Debug|Any CPU.Build.0 = Debug|Any CPU
		{FE73FB58-7BB0-444B-AAF5-92A7A0A24D39}.Release|Any CPU.ActiveCfg = Release|Any CPU
		{FE73FB58-7BB0-444B-AAF5-92A7A0A24D39}.Release|Any CPU.Build.0 = Release|Any CPU
		{A10DC20F-815A-4193-A1C3-BCE3A69D64BD}.Debug|Any CPU.ActiveCfg = Debug|Any CPU
		{A10DC20F-815A-4193-A1C3-BCE3A69D64BD}.Debug|Any CPU.Build.0 = Debug|Any CPU
		{A10DC20F-815A-4193-A1C3-BCE3A69D64BD}.Release|Any CPU.ActiveCfg = Release|Any CPU
		{A10DC20F-815A-4193-A1C3-BCE3A69D64BD}.Release|Any CPU.Build.0 = Release|Any CPU
		{C224EBF9-7E60-4549-9A36-FCEEE671C1A1}.Debug|Any CPU.ActiveCfg = Debug|Any CPU
		{C224EBF9-7E60-4549-9A36-FCEEE671C1A1}.Debug|Any CPU.Build.0 = Debug|Any CPU
		{C224EBF9-7E60-4549-9A36-FCEEE671C1A1}.Release|Any CPU.ActiveCfg = Release|Any CPU
		{C224EBF9-7E60-4549-9A36-FCEEE671C1A1}.Release|Any CPU.Build.0 = Release|Any CPU
		{AD2E01AD-FC18-4AD0-B580-0077D95D148B}.Debug|Any CPU.ActiveCfg = Debug|Any CPU
		{AD2E01AD-FC18-4AD0-B580-0077D95D148B}.Debug|Any CPU.Build.0 = Debug|Any CPU
		{AD2E01AD-FC18-4AD0-B580-0077D95D148B}.Release|Any CPU.ActiveCfg = Release|Any CPU
		{AD2E01AD-FC18-4AD0-B580-0077D95D148B}.Release|Any CPU.Build.0 = Release|Any CPU
		{4E04F568-6B5F-478F-9D3C-06CBBDE59E1D}.Debug|Any CPU.ActiveCfg = Debug|Any CPU
		{4E04F568-6B5F-478F-9D3C-06CBBDE59E1D}.Debug|Any CPU.Build.0 = Debug|Any CPU
		{4E04F568-6B5F-478F-9D3C-06CBBDE59E1D}.Release|Any CPU.ActiveCfg = Release|Any CPU
		{4E04F568-6B5F-478F-9D3C-06CBBDE59E1D}.Release|Any CPU.Build.0 = Release|Any CPU
		{90093A9A-455E-48CF-8CBB-23E2A707DA62}.Debug|Any CPU.ActiveCfg = Debug|Any CPU
		{90093A9A-455E-48CF-8CBB-23E2A707DA62}.Debug|Any CPU.Build.0 = Debug|Any CPU
		{90093A9A-455E-48CF-8CBB-23E2A707DA62}.Release|Any CPU.ActiveCfg = Release|Any CPU
		{90093A9A-455E-48CF-8CBB-23E2A707DA62}.Release|Any CPU.Build.0 = Release|Any CPU
		{EAB08092-79C4-42DC-AF47-A4E5E0E6CF8A}.Debug|Any CPU.ActiveCfg = Debug|Any CPU
		{EAB08092-79C4-42DC-AF47-A4E5E0E6CF8A}.Debug|Any CPU.Build.0 = Debug|Any CPU
		{EAB08092-79C4-42DC-AF47-A4E5E0E6CF8A}.Release|Any CPU.ActiveCfg = Release|Any CPU
		{EAB08092-79C4-42DC-AF47-A4E5E0E6CF8A}.Release|Any CPU.Build.0 = Release|Any CPU
		{33043349-B817-4FEA-A420-89AD78A0324D}.Debug|Any CPU.ActiveCfg = Debug|Any CPU
		{33043349-B817-4FEA-A420-89AD78A0324D}.Debug|Any CPU.Build.0 = Debug|Any CPU
		{33043349-B817-4FEA-A420-89AD78A0324D}.Release|Any CPU.ActiveCfg = Release|Any CPU
		{33043349-B817-4FEA-A420-89AD78A0324D}.Release|Any CPU.Build.0 = Release|Any CPU
		{256DEC44-EEDB-4694-8F46-736AFA8C9757}.Debug|Any CPU.ActiveCfg = Debug|Any CPU
		{256DEC44-EEDB-4694-8F46-736AFA8C9757}.Debug|Any CPU.Build.0 = Debug|Any CPU
		{256DEC44-EEDB-4694-8F46-736AFA8C9757}.Release|Any CPU.ActiveCfg = Release|Any CPU
		{256DEC44-EEDB-4694-8F46-736AFA8C9757}.Release|Any CPU.Build.0 = Release|Any CPU
		{6BFE1611-71E1-4BBB-A9B5-BE6F4A5E79E7}.Debug|Any CPU.ActiveCfg = Debug|Any CPU
		{6BFE1611-71E1-4BBB-A9B5-BE6F4A5E79E7}.Debug|Any CPU.Build.0 = Debug|Any CPU
		{6BFE1611-71E1-4BBB-A9B5-BE6F4A5E79E7}.Release|Any CPU.ActiveCfg = Release|Any CPU
		{6BFE1611-71E1-4BBB-A9B5-BE6F4A5E79E7}.Release|Any CPU.Build.0 = Release|Any CPU
		{CA85EAE5-C80A-4E3B-B14A-45FCFD1B1DB4}.Debug|Any CPU.ActiveCfg = Debug|Any CPU
		{CA85EAE5-C80A-4E3B-B14A-45FCFD1B1DB4}.Debug|Any CPU.Build.0 = Debug|Any CPU
		{CA85EAE5-C80A-4E3B-B14A-45FCFD1B1DB4}.Release|Any CPU.ActiveCfg = Release|Any CPU
		{CA85EAE5-C80A-4E3B-B14A-45FCFD1B1DB4}.Release|Any CPU.Build.0 = Release|Any CPU
	EndGlobalSection
	GlobalSection(SolutionProperties) = preSolution
		HideSolutionNode = FALSE
	EndGlobalSection
	GlobalSection(NestedProjects) = preSolution
		{BCAD07CD-635B-45E9-9E71-212F64903027} = {4E09AB0F-649E-48A4-B5EC-0488BE665D52}
		{38B7E6B8-2023-47E7-9648-735D8D5D2A11} = {F3EF8DFD-F67E-4609-9FB9-CD7E159125F8}
		{96323D27-2606-4917-A5D1-4012270EE63F} = {36B232A0-8728-4E42-AEDB-6EBB51B22459}
		{AB4E26AB-DBDC-42A7-85C6-E7AD881C79C4} = {36B232A0-8728-4E42-AEDB-6EBB51B22459}
		{92D4B3F8-3CFA-4F75-AC48-BDF85F1BCAA7} = {36B232A0-8728-4E42-AEDB-6EBB51B22459}
		{4B5F000E-1697-4DF3-837C-23266CD3F2A1} = {36B232A0-8728-4E42-AEDB-6EBB51B22459}
		{FE73FB58-7BB0-444B-AAF5-92A7A0A24D39} = {4E09AB0F-649E-48A4-B5EC-0488BE665D52}
		{A10DC20F-815A-4193-A1C3-BCE3A69D64BD} = {0E6C661C-F6B5-48B1-911C-9D76E60AC8A5}
		{C224EBF9-7E60-4549-9A36-FCEEE671C1A1} = {0E6C661C-F6B5-48B1-911C-9D76E60AC8A5}
		{AD2E01AD-FC18-4AD0-B580-0077D95D148B} = {4E09AB0F-649E-48A4-B5EC-0488BE665D52}
		{4E04F568-6B5F-478F-9D3C-06CBBDE59E1D} = {38B7E6B8-2023-47E7-9648-735D8D5D2A11}
		{90093A9A-455E-48CF-8CBB-23E2A707DA62} = {4E09AB0F-649E-48A4-B5EC-0488BE665D52}
		{EAB08092-79C4-42DC-AF47-A4E5E0E6CF8A} = {4E09AB0F-649E-48A4-B5EC-0488BE665D52}
		{33043349-B817-4FEA-A420-89AD78A0324D} = {4E09AB0F-649E-48A4-B5EC-0488BE665D52}
		{256DEC44-EEDB-4694-8F46-736AFA8C9757} = {0E6C661C-F6B5-48B1-911C-9D76E60AC8A5}
		{6BFE1611-71E1-4BBB-A9B5-BE6F4A5E79E7} = {38B7E6B8-2023-47E7-9648-735D8D5D2A11}
		{CA85EAE5-C80A-4E3B-B14A-45FCFD1B1DB4} = {36B232A0-8728-4E42-AEDB-6EBB51B22459}
	EndGlobalSection
	GlobalSection(ExtensibilityGlobals) = postSolution
		SolutionGuid = {235357DA-935A-491A-B5AA-6E033A0579AD}
	EndGlobalSection
EndGlobal
